
Microsoft Visual Studio Solution File, Format Version 12.00
# Visual Studio Version 17
VisualStudioVersion = 17.2.32526.322
MinimumVisualStudioVersion = 10.0.40219.1
Project("{FAE04EC0-301F-11D3-BF4B-00C04F79EFBC}") = "LeaveManagementNet6", "LeaveManagementNet6\LeaveManagementNet6.csproj", "{CFEB4BC8-2566-4E64-A53E-7627737D111F}"
EndProject
Global
	GlobalSection(SolutionConfigurationPlatforms) = preSolution
		Debug|Any CPU = Debug|Any CPU
		Release|Any CPU = Release|Any CPU
	EndGlobalSection
	GlobalSection(ProjectConfigurationPlatforms) = postSolution
		{CFEB4BC8-2566-4E64-A53E-7627737D111F}.Debug|Any CPU.ActiveCfg = Debug|Any CPU
		{CFEB4BC8-2566-4E64-A53E-7627737D111F}.Debug|Any CPU.Build.0 = Debug|Any CPU
		{CFEB4BC8-2566-4E64-A53E-7627737D111F}.Release|Any CPU.ActiveCfg = Release|Any CPU
		{CFEB4BC8-2566-4E64-A53E-7627737D111F}.Release|Any CPU.Build.0 = Release|Any CPU
	EndGlobalSection
	GlobalSection(SolutionProperties) = preSolution
		HideSolutionNode = FALSE
	EndGlobalSection
	GlobalSection(ExtensibilityGlobals) = postSolution
		SolutionGuid = {BC87CBC2-78CA-478F-87A2-1D9986397400}
	EndGlobalSection
EndGlobal
